#MicroXplorer Configuration settings - do not modify
File.Version=6
I2C1.IPParameters=OwnAddress2Masks
I2C1.OwnAddress2Masks=I2C_OA2_NOMASK
KeepUserPlacement=false
Mcu.Family=STM32F0
Mcu.IP0=I2C1
Mcu.IP1=NVIC
Mcu.IP2=RCC
Mcu.IP3=SYS
Mcu.IP4=TIM3
Mcu.IP5=TSC
Mcu.IP6=USART2
Mcu.IP7=USB
Mcu.IP8=USB_DEVICE
Mcu.IPNb=9
Mcu.Name=STM32F042F6Px
Mcu.Package=TSSOP20
Mcu.Pin0=PB8
Mcu.Pin1=PF0-OSC_IN
Mcu.Pin10=PA11
Mcu.Pin11=PA12
Mcu.Pin12=PA13
Mcu.Pin13=PA14
Mcu.Pin14=VP_RCC_USB
Mcu.Pin15=VP_SYS_VS_PINREMAP
Mcu.Pin16=VP_SYS_VS_Systick
Mcu.Pin17=VP_USB_DEVICE_VS_USB_DEVICE_CUSTOM_HID_FS
Mcu.Pin2=PF1-OSC_OUT
Mcu.Pin3=PA2
Mcu.Pin4=PA3
Mcu.Pin5=PA4
Mcu.Pin6=PA5
Mcu.Pin7=PA6
Mcu.Pin8=PA7
Mcu.Pin9=PB1
Mcu.PinsNb=18
Mcu.UserConstants=
Mcu.UserName=STM32F042F6Px
MxCube.Version=4.20.0
MxDb.Version=DB.4.0.200
NVIC.HardFault_IRQn=true\:0\:0\:false\:false\:true
NVIC.NonMaskableInt_IRQn=true\:0\:0\:false\:false\:true
NVIC.PendSV_IRQn=true\:0\:0\:false\:false\:true
NVIC.SVC_IRQn=true\:0\:0\:false\:false\:true
NVIC.SysTick_IRQn=true\:0\:0\:false\:false\:true
NVIC.USB_IRQn=true\:0\:0\:false\:false\:true
PA11.Locked=true
PA11.Mode=Device
PA11.Signal=USB_DM
PA12.Locked=true
PA12.Mode=Device
PA12.Signal=USB_DP
PA13.Locked=true
PA13.Mode=Serial_Wire
PA13.Signal=SYS_SWDIO
PA14.Mode=Serial_Wire
PA14.Signal=SYS_SWCLK
PA2.Locked=true
PA2.Mode=Asynchronous
PA2.Signal=USART2_TX
PA3.Locked=true
PA3.Mode=Asynchronous
PA3.Signal=USART2_RX
PA4.Locked=true
PA4.Mode=G2_IO1-Channel
PA4.Signal=TSC_G2_IO1
PA5.Locked=true
PA5.Mode=G2_IO2-Sampling
PA5.Signal=TSC_G2_IO2
PA6.Locked=true
PA6.Signal=S_TIM3_CH1
PA7.Locked=true
PA7.Signal=S_TIM3_CH2
PB1.Locked=true
PB1.Signal=S_TIM3_CH4
PB8.GPIOParameters=GPIO_Label
PB8.GPIO_Label=BOOT0
PB8.Locked=true
PB8.Signal=GPIO_Output
PCC.Checker=false
PCC.Line=STM32F0x2
PCC.MCU=STM32F042F6Px
PCC.MXVersion=4.20.0
PCC.PartNumber=STM32F042F6Px
PCC.Seq0=0
PCC.Series=STM32F0
PCC.Temperature=25
PCC.Vdd=3.6
PF0-OSC_IN.Locked=true
PF0-OSC_IN.Mode=I2C
PF0-OSC_IN.Signal=I2C1_SDA
PF1-OSC_OUT.Locked=true
PF1-OSC_OUT.Mode=I2C
PF1-OSC_OUT.Signal=I2C1_SCL
ProjectManager.AskForMigrate=true
ProjectManager.BackupPrevious=false
ProjectManager.CompilerOptimize=2
ProjectManager.ComputerToolchain=false
ProjectManager.CoupleFile=false
ProjectManager.CustomerFirmwarePackage=
ProjectManager.DefaultFWLocation=true
ProjectManager.DeletePrevious=true
ProjectManager.DeviceId=STM32F042F6Px
ProjectManager.FirmwarePackage=STM32Cube FW_F0 V1.7.0
ProjectManager.FreePins=false
ProjectManager.HalAssertFull=false
ProjectManager.HeapSize=0x200
ProjectManager.KeepUserCode=true
ProjectManager.LastFirmware=true
ProjectManager.LibraryCopy=1
ProjectManager.PreviousToolchain=SW4STM32
ProjectManager.ProjectBuild=false
ProjectManager.ProjectFileName=u2f-stm32.ioc
ProjectManager.ProjectName=u2f-stm32
ProjectManager.StackSize=0x400
ProjectManager.TargetToolchain=SW4STM32
ProjectManager.ToolChainLocation=
ProjectManager.UnderRoot=true
ProjectManager.functionlistsort=1-MX_GPIO_Init-GPIO-false-HAL,2-SystemClock_Config-RCC-false-HAL,3-MX_I2C1_Init-I2C1-false-HAL,4-MX_TSC_Init-TSC-false-HAL,5-MX_USART2_UART_Init-USART2-false-HAL,6-MX_TIM3_Init-TIM3-false-HAL,7-MX_USB_DEVICE_Init-USB_DEVICE-false-HAL
RCC.AHBFreq_Value=48000000
RCC.APB1Freq_Value=48000000
RCC.APB1TimFreq_Value=48000000
RCC.CECEnable=false
RCC.CECFreq_Value=32786.88524590164
RCC.ClockTypeHCLK=RCC_CLOCKTYPE_HCLK
RCC.ClockTypePCLK1=RCC_CLOCKTYPE_PCLK1
RCC.DATA_CACHE_ENABLE=0
RCC.EnableHSE=false
RCC.EnableHSERTCDevisor=false
RCC.EnableLSE=false
RCC.EnableLSERTC=false
RCC.EnableMCOMultDivisor=false
RCC.FCLKCortexFreq_Value=48000000
RCC.FamilyName=M
RCC.HCLKFreq_Value=48000000
RCC.HSEState=RCC_HSE_OFF
RCC.HSI14State=RCC_HSI14_OFF
RCC.HSI48State=RCC_HSI48_ON
RCC.HSICECFreq_Value=32786.88524590164
RCC.HSIState=RCC_HSI_ON
RCC.I2C1Enable=true
RCC.I2SFreq_Value=48000000
RCC.INSTRUCTION_CACHE_ENABLE=0
RCC.IPParameters=AHBFreq_Value,APB1Freq_Value,APB1TimFreq_Value,CECEnable,CECFreq_Value,ClockTypeHCLK,ClockTypePCLK1,DATA_CACHE_ENABLE,EnableHSE,EnableHSERTCDevisor,EnableLSE,EnableLSERTC,EnableMCOMultDivisor,FCLKCortexFreq_Value,FamilyName,HCLKFreq_Value,HSEState,HSI14State,HSI48State,HSICECFreq_Value,HSIState,I2C1Enable,I2SFreq_Value,INSTRUCTION_CACHE_ENABLE,IWDGEnable,LSIState,MCOEnable,OscillatorTypeHSE,OscillatorTypeHSI,OscillatorTypeHSI48,OscillatorTypeLSI,PLLCLKFreq_Value,PLLSource,PLLState,RCC_PERIPHCLK_I2C1Var,RTCEnable,SYSCLKFreq_VALUE,SYSCLKSource,TimSysFreq_Value,USART1Enable,USART1Freq_Value,USART2Enable,USBEnable,VCOOutput2Freq_Value
RCC.IWDGEnable=false
RCC.LSIState=RCC_LSI_OFF
RCC.MCOEnable=false
RCC.OscillatorTypeHSE=
RCC.OscillatorTypeHSI=RCC_OSCILLATORTYPE_HSI
RCC.OscillatorTypeHSI48=RCC_OSCILLATORTYPE_HSI48
RCC.OscillatorTypeLSI=
RCC.PLLCLKFreq_Value=16000000
RCC.PLLSource=RCC_PLLSOURCE_HSI
RCC.PLLState=RCC_PLL_OFF
RCC.RCC_PERIPHCLK_I2C1Var=RCC_PERIPHCLK_I2C1
RCC.RTCEnable=false
RCC.SYSCLKFreq_VALUE=48000000
RCC.SYSCLKSource=RCC_SYSCLKSOURCE_HSI48
RCC.TimSysFreq_Value=48000000
RCC.USART1Enable=false
RCC.USART1Freq_Value=48000000
RCC.USART2Enable=true
RCC.USBEnable=true
RCC.VCOOutput2Freq_Value=8000000
SH.S_TIM3_CH1.0=TIM3_CH1,PWM Generation1 CH1
SH.S_TIM3_CH1.ConfNb=1
SH.S_TIM3_CH2.0=TIM3_CH2,PWM Generation2 CH2
SH.S_TIM3_CH2.ConfNb=1
SH.S_TIM3_CH4.0=TIM3_CH4,PWM Generation4 CH4
SH.S_TIM3_CH4.ConfNb=1
TIM3.AutoReloadPreload=TIM_AUTORELOAD_PRELOAD_ENABLE
TIM3.Channel-PWM\ Generation1\ CH1=TIM_CHANNEL_1
TIM3.Channel-PWM\ Generation2\ CH2=TIM_CHANNEL_2
TIM3.Channel-PWM\ Generation4\ CH4=TIM_CHANNEL_4
TIM3.ClearChannel1=
TIM3.ClearInputSource=TIM_CLEARINPUTSOURCE_NONE
TIM3.ClearInputState=ENABLE
TIM3.IPParameters=Channel-PWM Generation2 CH2,Channel-PWM Generation4 CH4,Prescaler,Period,AutoReloadPreload,Channel-PWM Generation1 CH1,ClearInputState,ClearInputSource,ClearChannel1
TIM3.Period=256
TIM3.Prescaler=999
TSC.ChannelIOs-G2_IO1=TSC_GROUP2_IO1
TSC.ChannelIOs-G2_IO1-Channel=TSC_GROUP2_IO1
TSC.IPParameters=SamplingIOs-G2_IO2,ChannelIOs-G2_IO1,SamplingIOs-G2_IO2-Sampling,ChannelIOs-G2_IO1-Channel
TSC.SamplingIOs-G2_IO2=TSC_GROUP2_IO2
TSC.SamplingIOs-G2_IO2-Sampling=TSC_GROUP2_IO2
USART2.BaudRate=115200
USART2.HwFlowCtl-Asynchronous=UART_HWCONTROL_NONE
USART2.IPParameters=BaudRate,WordLength,VirtualMode-Asynchronous,HwFlowCtl-Asynchronous
USART2.VirtualMode-Asynchronous=VM_ASYNC
USART2.WordLength=WORDLENGTH_8B
USB_DEVICE.CLASS_NAME_FS=CUSTOMHID
USB_DEVICE.IPParameters=VirtualModeFS,CLASS_NAME_FS,VirtualMode,USBD_HandleTypeDef_FS,USBD_CUSTOM_HID_REPORT_DESC_SIZE,USBD_CUSTOMHID_OUTREPORT_BUF_SIZE,USBD_DEBUG_LEVEL,USBD_SELF_POWERED
USB_DEVICE.USBD_CUSTOMHID_OUTREPORT_BUF_SIZE=64
USB_DEVICE.USBD_CUSTOM_HID_REPORT_DESC_SIZE=34
USB_DEVICE.USBD_DEBUG_LEVEL=2
USB_DEVICE.USBD_HandleTypeDef_FS=hUsbDevice_USB_FS
USB_DEVICE.USBD_SELF_POWERED=0
USB_DEVICE.VirtualMode=CustomHid
USB_DEVICE.VirtualModeFS=Custom_Hid_FS
VP_RCC_USB.Signal=RCC_USB
VP_SYS_VS_PINREMAP.Mode=PINREMAP
VP_SYS_VS_PINREMAP.Signal=SYS_VS_PINREMAP
VP_SYS_VS_Systick.Mode=SysTick
VP_SYS_VS_Systick.Signal=SYS_VS_Systick
VP_USB_DEVICE_VS_USB_DEVICE_CUSTOM_HID_FS.Mode=CUSTOM_HID_FS
VP_USB_DEVICE_VS_USB_DEVICE_CUSTOM_HID_FS.Signal=USB_DEVICE_VS_USB_DEVICE_CUSTOM_HID_FS
board=u2f-stm32
